// !$*UTF8*$!
{
	archiveVersion = 1;
	classes = {
	};
	objectVersion = 50;
	objects = {

/* Begin PBXBuildFile section */
		3C45FD8B25782CCE003A4922 /* AppDelegate.m in Sources */ = {isa = PBXBuildFile; fileRef = 3C45FD8A25782CCE003A4922 /* AppDelegate.m */; };
		3C45FD8E25782CCE003A4922 /* SceneDelegate.m in Sources */ = {isa = PBXBuildFile; fileRef = 3C45FD8D25782CCE003A4922 /* SceneDelegate.m */; };
		3C45FD9425782CCE003A4922 /* Main.storyboard in Resources */ = {isa = PBXBuildFile; fileRef = 3C45FD9225782CCE003A4922 /* Main.storyboard */; };
		3C45FD9625782CD1003A4922 /* Assets.xcassets in Resources */ = {isa = PBXBuildFile; fileRef = 3C45FD9525782CD1003A4922 /* Assets.xcassets */; };
		3C45FD9925782CD1003A4922 /* LaunchScreen.storyboard in Resources */ = {isa = PBXBuildFile; fileRef = 3C45FD9725782CD1003A4922 /* LaunchScreen.storyboard */; };
		3C45FD9C25782CD1003A4922 /* main.m in Sources */ = {isa = PBXBuildFile; fileRef = 3C45FD9B25782CD1003A4922 /* main.m */; };
		3C48AA89257830C80033974D /* PhotoCollectionViewController.swift in Sources */ = {isa = PBXBuildFile; fileRef = 3C48AA88257830C80033974D /* PhotoCollectionViewController.swift */; };
		3C48AA8C2578312F0033974D /* PhotoCollectionViewCell.swift in Sources */ = {isa = PBXBuildFile; fileRef = 3C48AA8B2578312F0033974D /* PhotoCollectionViewCell.swift */; };
		3C48AA8F2578315B0033974D /* PhotoDetailViewController.swift in Sources */ = {isa = PBXBuildFile; fileRef = 3C48AA8E2578315B0033974D /* PhotoDetailViewController.swift */; };
		3C48AA942578332C0033974D /* IGFPhoto.m in Sources */ = {isa = PBXBuildFile; fileRef = 3C48AA932578332C0033974D /* IGFPhoto.m */; };
		3C48AA99257833510033974D /* IGFPhotoResult.m in Sources */ = {isa = PBXBuildFile; fileRef = 3C48AA98257833510033974D /* IGFPhotoResult.m */; };
		3C48AA9D257833720033974D /* IGFPhotoFetcher.m in Sources */ = {isa = PBXBuildFile; fileRef = 3C48AA9C257833720033974D /* IGFPhotoFetcher.m */; };
		3C48AAA1257833AD0033974D /* Rover.swift in Sources */ = {isa = PBXBuildFile; fileRef = 3C48AAA0257833AD0033974D /* Rover.swift */; };
		3CFB8D1E257DA54E00B49177 /* LSIErrors.m in Sources */ = {isa = PBXBuildFile; fileRef = 3CFB8D19257DA54E00B49177 /* LSIErrors.m */; };
		3CFB8D1F257DA54E00B49177 /* LSILog.m in Sources */ = {isa = PBXBuildFile; fileRef = 3CFB8D1A257DA54E00B49177 /* LSILog.m */; };
		3CFB8D20257DA54E00B49177 /* LSIFileHelper.m in Sources */ = {isa = PBXBuildFile; fileRef = 3CFB8D1B257DA54E00B49177 /* LSIFileHelper.m */; };
		3CFB8D21257DA54E00B49177 /* URL+Secure.swift in Sources */ = {isa = PBXBuildFile; fileRef = 3CFB8D1C257DA54E00B49177 /* URL+Secure.swift */; };
		3CFB8D27257DB7DF00B49177 /* IGFCache.m in Sources */ = {isa = PBXBuildFile; fileRef = 3CFB8D26257DB7DF00B49177 /* IGFCache.m */; };
/* End PBXBuildFile section */

/* Begin PBXFileReference section */
		3C45FD8625782CCE003A4922 /* OCAstronomy.app */ = {isa = PBXFileReference; explicitFileType = wrapper.application; includeInIndex = 0; path = OCAstronomy.app; sourceTree = BUILT_PRODUCTS_DIR; };
		3C45FD8925782CCE003A4922 /* AppDelegate.h */ = {isa = PBXFileReference; lastKnownFileType = sourcecode.c.h; path = AppDelegate.h; sourceTree = "<group>"; };
		3C45FD8A25782CCE003A4922 /* AppDelegate.m */ = {isa = PBXFileReference; lastKnownFileType = sourcecode.c.objc; path = AppDelegate.m; sourceTree = "<group>"; };
		3C45FD8C25782CCE003A4922 /* SceneDelegate.h */ = {isa = PBXFileReference; lastKnownFileType = sourcecode.c.h; path = SceneDelegate.h; sourceTree = "<group>"; };
		3C45FD8D25782CCE003A4922 /* SceneDelegate.m */ = {isa = PBXFileReference; lastKnownFileType = sourcecode.c.objc; path = SceneDelegate.m; sourceTree = "<group>"; };
		3C45FD9325782CCE003A4922 /* Base */ = {isa = PBXFileReference; lastKnownFileType = file.storyboard; name = Base; path = Base.lproj/Main.storyboard; sourceTree = "<group>"; };
		3C45FD9525782CD1003A4922 /* Assets.xcassets */ = {isa = PBXFileReference; lastKnownFileType = folder.assetcatalog; path = Assets.xcassets; sourceTree = "<group>"; };
		3C45FD9825782CD1003A4922 /* Base */ = {isa = PBXFileReference; lastKnownFileType = file.storyboard; name = Base; path = Base.lproj/LaunchScreen.storyboard; sourceTree = "<group>"; };
		3C45FD9A25782CD1003A4922 /* Info.plist */ = {isa = PBXFileReference; lastKnownFileType = text.plist.xml; path = Info.plist; sourceTree = "<group>"; };
		3C45FD9B25782CD1003A4922 /* main.m */ = {isa = PBXFileReference; lastKnownFileType = sourcecode.c.objc; path = main.m; sourceTree = "<group>"; };
		3C48AA87257830C80033974D /* OCAstronomy-Bridging-Header.h */ = {isa = PBXFileReference; lastKnownFileType = sourcecode.c.h; path = "OCAstronomy-Bridging-Header.h"; sourceTree = "<group>"; };
		3C48AA88257830C80033974D /* PhotoCollectionViewController.swift */ = {isa = PBXFileReference; lastKnownFileType = sourcecode.swift; path = PhotoCollectionViewController.swift; sourceTree = "<group>"; };
		3C48AA8B2578312F0033974D /* PhotoCollectionViewCell.swift */ = {isa = PBXFileReference; lastKnownFileType = sourcecode.swift; path = PhotoCollectionViewCell.swift; sourceTree = "<group>"; };
		3C48AA8E2578315B0033974D /* PhotoDetailViewController.swift */ = {isa = PBXFileReference; lastKnownFileType = sourcecode.swift; path = PhotoDetailViewController.swift; sourceTree = "<group>"; };
		3C48AA922578332C0033974D /* IGFPhoto.h */ = {isa = PBXFileReference; lastKnownFileType = sourcecode.c.h; path = IGFPhoto.h; sourceTree = "<group>"; };
		3C48AA932578332C0033974D /* IGFPhoto.m */ = {isa = PBXFileReference; lastKnownFileType = sourcecode.c.objc; path = IGFPhoto.m; sourceTree = "<group>"; };
		3C48AA97257833510033974D /* IGFPhotoResult.h */ = {isa = PBXFileReference; lastKnownFileType = sourcecode.c.h; path = IGFPhotoResult.h; sourceTree = "<group>"; };
		3C48AA98257833510033974D /* IGFPhotoResult.m */ = {isa = PBXFileReference; lastKnownFileType = sourcecode.c.objc; path = IGFPhotoResult.m; sourceTree = "<group>"; };
		3C48AA9B257833720033974D /* IGFPhotoFetcher.h */ = {isa = PBXFileReference; lastKnownFileType = sourcecode.c.h; path = IGFPhotoFetcher.h; sourceTree = "<group>"; };
		3C48AA9C257833720033974D /* IGFPhotoFetcher.m */ = {isa = PBXFileReference; lastKnownFileType = sourcecode.c.objc; path = IGFPhotoFetcher.m; sourceTree = "<group>"; };
		3C48AAA0257833AD0033974D /* Rover.swift */ = {isa = PBXFileReference; lastKnownFileType = sourcecode.swift; path = Rover.swift; sourceTree = "<group>"; };
		3CFB8D17257DA54E00B49177 /* LSIErrors.h */ = {isa = PBXFileReference; fileEncoding = 4; lastKnownFileType = sourcecode.c.h; name = LSIErrors.h; path = LambdaSDK/LSIErrors.h; sourceTree = SOURCE_ROOT; };
		3CFB8D18257DA54E00B49177 /* LSILog.h */ = {isa = PBXFileReference; fileEncoding = 4; lastKnownFileType = sourcecode.c.h; name = LSILog.h; path = LambdaSDK/LSILog.h; sourceTree = SOURCE_ROOT; };
		3CFB8D19257DA54E00B49177 /* LSIErrors.m */ = {isa = PBXFileReference; fileEncoding = 4; lastKnownFileType = sourcecode.c.objc; name = LSIErrors.m; path = LambdaSDK/LSIErrors.m; sourceTree = SOURCE_ROOT; };
		3CFB8D1A257DA54E00B49177 /* LSILog.m */ = {isa = PBXFileReference; fileEncoding = 4; lastKnownFileType = sourcecode.c.objc; name = LSILog.m; path = LambdaSDK/LSILog.m; sourceTree = SOURCE_ROOT; };
		3CFB8D1B257DA54E00B49177 /* LSIFileHelper.m */ = {isa = PBXFileReference; fileEncoding = 4; lastKnownFileType = sourcecode.c.objc; name = LSIFileHelper.m; path = LambdaSDK/LSIFileHelper.m; sourceTree = SOURCE_ROOT; };
		3CFB8D1C257DA54E00B49177 /* URL+Secure.swift */ = {isa = PBXFileReference; fileEncoding = 4; lastKnownFileType = sourcecode.swift; name = "URL+Secure.swift"; path = "LambdaSDK/URL+Secure.swift"; sourceTree = SOURCE_ROOT; };
		3CFB8D1D257DA54E00B49177 /* LSIFileHelper.h */ = {isa = PBXFileReference; fileEncoding = 4; lastKnownFileType = sourcecode.c.h; name = LSIFileHelper.h; path = LambdaSDK/LSIFileHelper.h; sourceTree = SOURCE_ROOT; };
		3CFB8D25257DB7DF00B49177 /* IGFCache.h */ = {isa = PBXFileReference; lastKnownFileType = sourcecode.c.h; path = IGFCache.h; sourceTree = "<group>"; };
		3CFB8D26257DB7DF00B49177 /* IGFCache.m */ = {isa = PBXFileReference; lastKnownFileType = sourcecode.c.objc; path = IGFCache.m; sourceTree = "<group>"; };
/* End PBXFileReference section */

/* Begin PBXFrameworksBuildPhase section */
		3C45FD8325782CCE003A4922 /* Frameworks */ = {
			isa = PBXFrameworksBuildPhase;
			buildActionMask = 2147483647;
			files = (
			);
			runOnlyForDeploymentPostprocessing = 0;
		};
/* End PBXFrameworksBuildPhase section */

/* Begin PBXGroup section */
		3C45FD7D25782CCE003A4922 = {
			isa = PBXGroup;
			children = (
				3CFB8D16257DA4E500B49177 /* SDK */,
				3C45FD8825782CCE003A4922 /* OCAstronomy */,
				3C45FD8725782CCE003A4922 /* Products */,
			);
			sourceTree = "<group>";
		};
		3C45FD8725782CCE003A4922 /* Products */ = {
			isa = PBXGroup;
			children = (
				3C45FD8625782CCE003A4922 /* OCAstronomy.app */,
			);
			name = Products;
			sourceTree = "<group>";
		};
		3C45FD8825782CCE003A4922 /* OCAstronomy */ = {
			isa = PBXGroup;
			children = (
				3C48AA91257832D60033974D /* Models */,
				3C48AA7B25782FFD0033974D /* ViewControllers */,
				3C45FD8925782CCE003A4922 /* AppDelegate.h */,
				3C45FD8A25782CCE003A4922 /* AppDelegate.m */,
				3C45FD8C25782CCE003A4922 /* SceneDelegate.h */,
				3C45FD8D25782CCE003A4922 /* SceneDelegate.m */,
				3C45FD9225782CCE003A4922 /* Main.storyboard */,
				3C45FD9525782CD1003A4922 /* Assets.xcassets */,
				3C45FD9725782CD1003A4922 /* LaunchScreen.storyboard */,
				3C45FD9A25782CD1003A4922 /* Info.plist */,
				3C45FD9B25782CD1003A4922 /* main.m */,
			);
			path = OCAstronomy;
			sourceTree = "<group>";
		};
		3C48AA7B25782FFD0033974D /* ViewControllers */ = {
			isa = PBXGroup;
			children = (
				3C48AA88257830C80033974D /* PhotoCollectionViewController.swift */,
				3C48AA87257830C80033974D /* OCAstronomy-Bridging-Header.h */,
				3C48AA8B2578312F0033974D /* PhotoCollectionViewCell.swift */,
				3C48AA8E2578315B0033974D /* PhotoDetailViewController.swift */,
			);
			path = ViewControllers;
			sourceTree = "<group>";
		};
		3C48AA91257832D60033974D /* Models */ = {
			isa = PBXGroup;
			children = (
				3C48AA922578332C0033974D /* IGFPhoto.h */,
				3C48AA932578332C0033974D /* IGFPhoto.m */,
				3C48AA97257833510033974D /* IGFPhotoResult.h */,
				3C48AA98257833510033974D /* IGFPhotoResult.m */,
				3C48AA9B257833720033974D /* IGFPhotoFetcher.h */,
				3C48AA9C257833720033974D /* IGFPhotoFetcher.m */,
				3C48AAA0257833AD0033974D /* Rover.swift */,
				3CFB8D25257DB7DF00B49177 /* IGFCache.h */,
				3CFB8D26257DB7DF00B49177 /* IGFCache.m */,
			);
			path = Models;
			sourceTree = "<group>";
		};
		3CFB8D16257DA4E500B49177 /* SDK */ = {
			isa = PBXGroup;
			children = (
				3CFB8D17257DA54E00B49177 /* LSIErrors.h */,
				3CFB8D19257DA54E00B49177 /* LSIErrors.m */,
				3CFB8D1D257DA54E00B49177 /* LSIFileHelper.h */,
				3CFB8D1B257DA54E00B49177 /* LSIFileHelper.m */,
				3CFB8D18257DA54E00B49177 /* LSILog.h */,
				3CFB8D1A257DA54E00B49177 /* LSILog.m */,
				3CFB8D1C257DA54E00B49177 /* URL+Secure.swift */,
			);
			path = SDK;
			sourceTree = "<group>";
		};
/* End PBXGroup section */

/* Begin PBXNativeTarget section */
		3C45FD8525782CCE003A4922 /* OCAstronomy */ = {
			isa = PBXNativeTarget;
			buildConfigurationList = 3C45FD9F25782CD1003A4922 /* Build configuration list for PBXNativeTarget "OCAstronomy" */;
			buildPhases = (
				3C45FD8225782CCE003A4922 /* Sources */,
				3C45FD8325782CCE003A4922 /* Frameworks */,
				3C45FD8425782CCE003A4922 /* Resources */,
			);
			buildRules = (
			);
			dependencies = (
			);
			name = OCAstronomy;
			productName = OCAstronomy;
			productReference = 3C45FD8625782CCE003A4922 /* OCAstronomy.app */;
			productType = "com.apple.product-type.application";
		};
/* End PBXNativeTarget section */

/* Begin PBXProject section */
		3C45FD7E25782CCE003A4922 /* Project object */ = {
			isa = PBXProject;
			attributes = {
				LastUpgradeCheck = 1220;
				TargetAttributes = {
					3C45FD8525782CCE003A4922 = {
						CreatedOnToolsVersion = 12.2;
						LastSwiftMigration = 1220;
					};
				};
			};
			buildConfigurationList = 3C45FD8125782CCE003A4922 /* Build configuration list for PBXProject "OCAstronomy" */;
			compatibilityVersion = "Xcode 9.3";
			developmentRegion = en;
			hasScannedForEncodings = 0;
			knownRegions = (
				en,
				Base,
			);
			mainGroup = 3C45FD7D25782CCE003A4922;
			productRefGroup = 3C45FD8725782CCE003A4922 /* Products */;
			projectDirPath = "";
			projectRoot = "";
			targets = (
				3C45FD8525782CCE003A4922 /* OCAstronomy */,
			);
		};
/* End PBXProject section */

/* Begin PBXResourcesBuildPhase section */
		3C45FD8425782CCE003A4922 /* Resources */ = {
			isa = PBXResourcesBuildPhase;
			buildActionMask = 2147483647;
			files = (
				3C45FD9925782CD1003A4922 /* LaunchScreen.storyboard in Resources */,
				3C45FD9625782CD1003A4922 /* Assets.xcassets in Resources */,
				3C45FD9425782CCE003A4922 /* Main.storyboard in Resources */,
			);
			runOnlyForDeploymentPostprocessing = 0;
		};
/* End PBXResourcesBuildPhase section */

/* Begin PBXSourcesBuildPhase section */
		3C45FD8225782CCE003A4922 /* Sources */ = {
			isa = PBXSourcesBuildPhase;
			buildActionMask = 2147483647;
			files = (
				3C48AAA1257833AD0033974D /* Rover.swift in Sources */,
				3CFB8D1F257DA54E00B49177 /* LSILog.m in Sources */,
				3C48AA8F2578315B0033974D /* PhotoDetailViewController.swift in Sources */,
				3C48AA942578332C0033974D /* IGFPhoto.m in Sources */,
				3CFB8D21257DA54E00B49177 /* URL+Secure.swift in Sources */,
				3C48AA99257833510033974D /* IGFPhotoResult.m in Sources */,
				3C45FD8B25782CCE003A4922 /* AppDelegate.m in Sources */,
				3CFB8D1E257DA54E00B49177 /* LSIErrors.m in Sources */,
				3CFB8D27257DB7DF00B49177 /* IGFCache.m in Sources */,
				3C48AA8C2578312F0033974D /* PhotoCollectionViewCell.swift in Sources */,
				3C45FD9C25782CD1003A4922 /* main.m in Sources */,
				3CFB8D20257DA54E00B49177 /* LSIFileHelper.m in Sources */,
				3C45FD8E25782CCE003A4922 /* SceneDelegate.m in Sources */,
				3C48AA89257830C80033974D /* PhotoCollectionViewController.swift in Sources */,
				3C48AA9D257833720033974D /* IGFPhotoFetcher.m in Sources */,
			);
			runOnlyForDeploymentPostprocessing = 0;
		};
/* End PBXSourcesBuildPhase section */

/* Begin PBXVariantGroup section */
		3C45FD9225782CCE003A4922 /* Main.storyboard */ = {
			isa = PBXVariantGroup;
			children = (
				3C45FD9325782CCE003A4922 /* Base */,
			);
			name = Main.storyboard;
			sourceTree = "<group>";
		};
		3C45FD9725782CD1003A4922 /* LaunchScreen.storyboard */ = {
			isa = PBXVariantGroup;
			children = (
				3C45FD9825782CD1003A4922 /* Base */,
			);
			name = LaunchScreen.storyboard;
			sourceTree = "<group>";
		};
/* End PBXVariantGroup section */

/* Begin XCBuildConfiguration section */
		3C45FD9D25782CD1003A4922 /* Debug */ = {
			isa = XCBuildConfiguration;
			buildSettings = {
				ALWAYS_SEARCH_USER_PATHS = NO;
				CLANG_ANALYZER_NONNULL = YES;
				CLANG_ANALYZER_NUMBER_OBJECT_CONVERSION = YES_AGGRESSIVE;
				CLANG_CXX_LANGUAGE_STANDARD = "gnu++14";
				CLANG_CXX_LIBRARY = "libc++";
				CLANG_ENABLE_MODULES = YES;
				CLANG_ENABLE_OBJC_ARC = YES;
				CLANG_ENABLE_OBJC_WEAK = YES;
				CLANG_WARN_BLOCK_CAPTURE_AUTORELEASING = YES;
				CLANG_WARN_BOOL_CONVERSION = YES;
				CLANG_WARN_COMMA = YES;
				CLANG_WARN_CONSTANT_CONVERSION = YES;
				CLANG_WARN_DEPRECATED_OBJC_IMPLEMENTATIONS = YES;
				CLANG_WARN_DIRECT_OBJC_ISA_USAGE = YES_ERROR;
				CLANG_WARN_DOCUMENTATION_COMMENTS = YES;
				CLANG_WARN_EMPTY_BODY = YES;
				CLANG_WARN_ENUM_CONVERSION = YES;
				CLANG_WARN_INFINITE_RECURSION = YES;
				CLANG_WARN_INT_CONVERSION = YES;
				CLANG_WARN_NON_LITERAL_NULL_CONVERSION = YES;
				CLANG_WARN_OBJC_IMPLICIT_RETAIN_SELF = YES;
				CLANG_WARN_OBJC_LITERAL_CONVERSION = YES;
				CLANG_WARN_OBJC_ROOT_CLASS = YES_ERROR;
				CLANG_WARN_QUOTED_INCLUDE_IN_FRAMEWORK_HEADER = YES;
				CLANG_WARN_RANGE_LOOP_ANALYSIS = YES;
				CLANG_WARN_STRICT_PROTOTYPES = YES;
				CLANG_WARN_SUSPICIOUS_MOVE = YES;
				CLANG_WARN_UNGUARDED_AVAILABILITY = YES_AGGRESSIVE;
				CLANG_WARN_UNREACHABLE_CODE = YES;
				CLANG_WARN__DUPLICATE_METHOD_MATCH = YES;
				COPY_PHASE_STRIP = NO;
				DEBUG_INFORMATION_FORMAT = dwarf;
				ENABLE_STRICT_OBJC_MSGSEND = YES;
				ENABLE_TESTABILITY = YES;
				GCC_C_LANGUAGE_STANDARD = gnu11;
				GCC_DYNAMIC_NO_PIC = NO;
				GCC_NO_COMMON_BLOCKS = YES;
				GCC_OPTIMIZATION_LEVEL = 0;
				GCC_PREPROCESSOR_DEFINITIONS = (
					"DEBUG=1",
					"$(inherited)",
				);
				GCC_WARN_64_TO_32_BIT_CONVERSION = YES;
				GCC_WARN_ABOUT_RETURN_TYPE = YES_ERROR;
				GCC_WARN_UNDECLARED_SELECTOR = YES;
				GCC_WARN_UNINITIALIZED_AUTOS = YES_AGGRESSIVE;
				GCC_WARN_UNUSED_FUNCTION = YES;
				GCC_WARN_UNUSED_VARIABLE = YES;
				IPHONEOS_DEPLOYMENT_TARGET = 14.2;
				MTL_ENABLE_DEBUG_INFO = INCLUDE_SOURCE;
				MTL_FAST_MATH = YES;
				ONLY_ACTIVE_ARCH = YES;
				SDKROOT = iphoneos;
			};
			name = Debug;
		};
		3C45FD9E25782CD1003A4922 /* Release */ = {
			isa = XCBuildConfiguration;
			buildSettings = {
				ALWAYS_SEARCH_USER_PATHS = NO;
				CLANG_ANALYZER_NONNULL = YES;
				CLANG_ANALYZER_NUMBER_OBJECT_CONVERSION = YES_AGGRESSIVE;
				CLANG_CXX_LANGUAGE_STANDARD = "gnu++14";
				CLANG_CXX_LIBRARY = "libc++";
				CLANG_ENABLE_MODULES = YES;
				CLANG_ENABLE_OBJC_ARC = YES;
				CLANG_ENABLE_OBJC_WEAK = YES;
				CLANG_WARN_BLOCK_CAPTURE_AUTORELEASING = YES;
				CLANG_WARN_BOOL_CONVERSION = YES;
				CLANG_WARN_COMMA = YES;
				CLANG_WARN_CONSTANT_CONVERSION = YES;
				CLANG_WARN_DEPRECATED_OBJC_IMPLEMENTATIONS = YES;
				CLANG_WARN_DIRECT_OBJC_ISA_USAGE = YES_ERROR;
				CLANG_WARN_DOCUMENTATION_COMMENTS = YES;
				CLANG_WARN_EMPTY_BODY = YES;
				CLANG_WARN_ENUM_CONVERSION = YES;
				CLANG_WARN_INFINITE_RECURSION = YES;
				CLANG_WARN_INT_CONVERSION = YES;
				CLANG_WARN_NON_LITERAL_NULL_CONVERSION = YES;
				CLANG_WARN_OBJC_IMPLICIT_RETAIN_SELF = YES;
				CLANG_WARN_OBJC_LITERAL_CONVERSION = YES;
				CLANG_WARN_OBJC_ROOT_CLASS = YES_ERROR;
				CLANG_WARN_QUOTED_INCLUDE_IN_FRAMEWORK_HEADER = YES;
				CLANG_WARN_RANGE_LOOP_ANALYSIS = YES;
				CLANG_WARN_STRICT_PROTOTYPES = YES;
				CLANG_WARN_SUSPICIOUS_MOVE = YES;
				CLANG_WARN_UNGUARDED_AVAILABILITY = YES_AGGRESSIVE;
				CLANG_WARN_UNREACHABLE_CODE = YES;
				CLANG_WARN__DUPLICATE_METHOD_MATCH = YES;
				COPY_PHASE_STRIP = NO;
				DEBUG_INFORMATION_FORMAT = "dwarf-with-dsym";
				ENABLE_NS_ASSERTIONS = NO;
				ENABLE_STRICT_OBJC_MSGSEND = YES;
				GCC_C_LANGUAGE_STANDARD = gnu11;
				GCC_NO_COMMON_BLOCKS = YES;
				GCC_WARN_64_TO_32_BIT_CONVERSION = YES;
				GCC_WARN_ABOUT_RETURN_TYPE = YES_ERROR;
				GCC_WARN_UNDECLARED_SELECTOR = YES;
				GCC_WARN_UNINITIALIZED_AUTOS = YES_AGGRESSIVE;
				GCC_WARN_UNUSED_FUNCTION = YES;
				GCC_WARN_UNUSED_VARIABLE = YES;
				IPHONEOS_DEPLOYMENT_TARGET = 14.2;
				MTL_ENABLE_DEBUG_INFO = NO;
				MTL_FAST_MATH = YES;
				SDKROOT = iphoneos;
				VALIDATE_PRODUCT = YES;
			};
			name = Release;
		};
		3C45FDA025782CD1003A4922 /* Debug */ = {
			isa = XCBuildConfiguration;
			buildSettings = {
				ASSETCATALOG_COMPILER_APPICON_NAME = AppIcon;
				ASSETCATALOG_COMPILER_GLOBAL_ACCENT_COLOR_NAME = AccentColor;
				CLANG_ENABLE_MODULES = YES;
				CODE_SIGN_STYLE = Automatic;
				DEVELOPMENT_TEAM = FRJYB38N23;
				INFOPLIST_FILE = OCAstronomy/Info.plist;
				LD_RUNPATH_SEARCH_PATHS = (
					"$(inherited)",
					"@executable_path/Frameworks",
				);
				PRODUCT_BUNDLE_IDENTIFIER = "Cygnus-Enterprises.OCAstronomy";
				PRODUCT_NAME = "$(TARGET_NAME)";
				SWIFT_OBJC_BRIDGING_HEADER = "OCAstronomy/ViewControllers/OCAstronomy-Bridging-Header.h";
				SWIFT_OPTIMIZATION_LEVEL = "-Onone";
				SWIFT_VERSION = 5.0;
				TARGETED_DEVICE_FAMILY = "1,2";
			};
			name = Debug;
		};
		3C45FDA125782CD1003A4922 /* Release */ = {
			isa = XCBuildConfiguration;
			buildSettings = {
				ASSETCATALOG_COMPILER_APPICON_NAME = AppIcon;
				ASSETCATALOG_COMPILER_GLOBAL_ACCENT_COLOR_NAME = AccentColor;
				CLANG_ENABLE_MODULES = YES;
				CODE_SIGN_STYLE = Automatic;
				DEVELOPMENT_TEAM = FRJYB38N23;
				INFOPLIST_FILE = OCAstronomy/Info.plist;
				LD_RUNPATH_SEARCH_PATHS = (
					"$(inherited)",
					"@executable_path/Frameworks",
				);
				PRODUCT_BUNDLE_IDENTIFIER = "Cygnus-Enterprises.OCAstronomy";
				PRODUCT_NAME = "$(TARGET_NAME)";
				SWIFT_OBJC_BRIDGING_HEADER = "OCAstronomy/ViewControllers/OCAstronomy-Bridging-Header.h";
				SWIFT_VERSION = 5.0;
				TARGETED_DEVICE_FAMILY = "1,2";
			};
			name = Release;
		};
/* End XCBuildConfiguration section */

/* Begin XCConfigurationList section */
		3C45FD8125782CCE003A4922 /* Build configuration list for PBXProject "OCAstronomy" */ = {
			isa = XCConfigurationList;
			buildConfigurations = (
				3C45FD9D25782CD1003A4922 /* Debug */,
				3C45FD9E25782CD1003A4922 /* Release */,
			);
			defaultConfigurationIsVisible = 0;
			defaultConfigurationName = Release;
		};
		3C45FD9F25782CD1003A4922 /* Build configuration list for PBXNativeTarget "OCAstronomy" */ = {
			isa = XCConfigurationList;
			buildConfigurations = (
				3C45FDA025782CD1003A4922 /* Debug */,
				3C45FDA125782CD1003A4922 /* Release */,
			);
			defaultConfigurationIsVisible = 0;
			defaultConfigurationName = Release;
		};
/* End XCConfigurationList section */
	};
	rootObject = 3C45FD7E25782CCE003A4922 /* Project object */;
}
